<Project xmlns="http://schemas.microsoft.com/developer/msbuild/2003">
  <PropertyGroup>
    <ProjectGuid>{55badd86-cca2-426c-b528-a1aa7669edab}</ProjectGuid>
    <MainSource>ReportConsole.dpr</MainSource>
    <Configuration Condition=" '$(Configuration)' == '' ">Debug</Configuration>
    <Platform Condition=" '$(Platform)' == '' ">AnyCPU</Platform>
    <DCC_DCCCompiler>DCC32</DCC_DCCCompiler>
    <DCC_DependencyCheckOutputName>..\BIN\Libs\ReportConsole.dll</DCC_DependencyCheckOutputName>
  </PropertyGroup>
  <PropertyGroup Condition=" '$(Configuration)|$(Platform)' == 'Release|AnyCPU' ">
    <Version>7.0</Version>
    <DCC_DebugInformation>False</DCC_DebugInformation>
    <DCC_LocalDebugSymbols>False</DCC_LocalDebugSymbols>
    <DCC_SymbolReferenceInfo>0</DCC_SymbolReferenceInfo>
    <DCC_Define>RELEASE</DCC_Define>
  </PropertyGroup>
  <PropertyGroup Condition=" '$(Configuration)|$(Platform)' == 'Debug|AnyCPU' ">
    <Version>7.0</Version>
    <DCC_Define>DEBUG</DCC_Define>
    <DCC_ExeOutput>..\BIN\Libs</DCC_ExeOutput>
  </PropertyGroup>
  <ProjectExtensions>
    <Borland.Personality>Delphi.Personality</Borland.Personality>
    <Borland.ProjectType>VCLApplication</Borland.ProjectType>
    <BorlandProject>
<BorlandProject><Delphi.Personality><Parameters><Parameters Name="UseLauncher">False</Parameters><Parameters Name="LoadAllSymbols">True</Parameters><Parameters Name="LoadUnspecifiedSymbols">False</Parameters></Parameters><VersionInfo><VersionInfo Name="IncludeVerInfo">True</VersionInfo><VersionInfo Name="AutoIncBuild">False</VersionInfo><VersionInfo Name="MajorVer">1</VersionInfo><VersionInfo Name="MinorVer">0</VersionInfo><VersionInfo Name="Release">0</VersionInfo><VersionInfo Name="Build">0</VersionInfo><VersionInfo Name="Debug">False</VersionInfo><VersionInfo Name="PreRelease">False</VersionInfo><VersionInfo Name="Special">False</VersionInfo><VersionInfo Name="Private">False</VersionInfo><VersionInfo Name="DLL">False</VersionInfo><VersionInfo Name="Locale">1033</VersionInfo><VersionInfo Name="CodePage">1252</VersionInfo></VersionInfo><VersionInfoKeys><VersionInfoKeys Name="CompanyName"></VersionInfoKeys><VersionInfoKeys Name="FileDescription"></VersionInfoKeys><VersionInfoKeys Name="FileVersion">1.0.0.0</VersionInfoKeys><VersionInfoKeys Name="InternalName"></VersionInfoKeys><VersionInfoKeys Name="LegalCopyright"></VersionInfoKeys><VersionInfoKeys Name="LegalTrademarks"></VersionInfoKeys><VersionInfoKeys Name="OriginalFilename"></VersionInfoKeys><VersionInfoKeys Name="ProductName"></VersionInfoKeys><VersionInfoKeys Name="ProductVersion">1.0.0.0</VersionInfoKeys><VersionInfoKeys Name="Comments"></VersionInfoKeys></VersionInfoKeys><Source><Source Name="MainSource">ReportConsole.dpr</Source></Source></Delphi.Personality></BorlandProject></BorlandProject>
  </ProjectExtensions>
  <Import Project="$(MSBuildBinPath)\Borland.Delphi.Targets" />
  <ItemGroup>
    <DelphiCompile Include="ReportConsole.dpr">
      <MainSource>MainSource</MainSource>
    </DelphiCompile>
    <DCCReference Include="..\Service\StdInterface.pas" />
    <DCCReference Include="..\Service\uIFileAccess.pas" />
    <DCCReference Include="..\Service\uIReporter.pas" />
    <DCCReference Include="..\Service\uReportConsoleLibWrapper.pas" />
    <DCCReference Include="..\Utils\FileLogger.pas" />
    <DCCReference Include="..\Utils\KeyStream.pas" />
    <DCCReference Include="..\Utils\ObjectGC.pas" />
    <DCCReference Include="..\Utils\ObjList.pas" />
    <DCCReference Include="..\Utils\SOWrapper.pas" />
    <DCCReference Include="..\Utils\superobject.pas" />
    <DCCReference Include="..\Utils\uCore.pas" />
    <DCCReference Include="..\Utils\uDataSetTools.pas" />
    <DCCReference Include="..\Utils\uFieldCreator.pas" />
    <DCCReference Include="..\Utils\uFileTools.pas" />
    <DCCReference Include="..\Utils\uIIntfList.pas" />
    <DCCReference Include="..\Utils\uIObjectList.pas" />
    <DCCReference Include="..\Utils\uJSonTools.pas" />
    <DCCReference Include="..\Utils\uKeyStreamCoder.pas" />
    <DCCReference Include="..\Utils\uKeyStreamTools.pas" />
    <DCCReference Include="..\Utils\uLastErrorTools.pas" />
    <DCCReference Include="..\Utils\uMsgTools.pas" />
    <DCCReference Include="..\Utils\uSNTools.pas" />
    <DCCReference Include="..\Utils\uStreamCoder.pas" />
    <DCCReference Include="PrintReportFactory.pas" />
    <DCCReference Include="ReporterLoader.pas" />
    <DCCReference Include="ufrmReportEditor.pas">
      <Form>frmReportEditor</Form>
    </DCCReference>
    <DCCReference Include="ufrmReportList.pas">
      <Form>frmReportList</Form>
    </DCCReference>
    <DCCReference Include="uReporterDefaultOperator.pas" />
  </ItemGroup>
</Project>